
Microsoft Visual Studio Solution File, Format Version 12.00
# Visual Studio Version 16
VisualStudioVersion = 16.0.30804.86
MinimumVisualStudioVersion = 10.0.40219.1
Project("{FAE04EC0-301F-11D3-BF4B-00C04F79EFBC}") = "CRUDNetCore", "CRUDNetCore\CRUDNetCore.csproj", "{5359D2BC-D7A2-45F8-B455-BC20B11C4A48}"
EndProject
Global
	GlobalSection(SolutionConfigurationPlatforms) = preSolution
		Debug|Any CPU = Debug|Any CPU
		Release|Any CPU = Release|Any CPU
	EndGlobalSection
	GlobalSection(ProjectConfigurationPlatforms) = postSolution
		{5359D2BC-D7A2-45F8-B455-BC20B11C4A48}.Debug|Any CPU.ActiveCfg = Debug|Any CPU
		{5359D2BC-D7A2-45F8-B455-BC20B11C4A48}.Debug|Any CPU.Build.0 = Debug|Any CPU
		{5359D2BC-D7A2-45F8-B455-BC20B11C4A48}.Release|Any CPU.ActiveCfg = Release|Any CPU
		{5359D2BC-D7A2-45F8-B455-BC20B11C4A48}.Release|Any CPU.Build.0 = Release|Any CPU
	EndGlobalSection
	GlobalSection(SolutionProperties) = preSolution
		HideSolutionNode = FALSE
	EndGlobalSection
	GlobalSection(ExtensibilityGlobals) = postSolution
		SolutionGuid = {FCB2A839-47A2-4C96-8B34-84D69887CF8F}
	EndGlobalSection
EndGlobal
